{
    "_readme": [
        "This file locks the dependencies of your project to a known state",
        "Read more about it at https://getcomposer.org/doc/01-basic-usage.md#installing-dependencies",
        "This file is @generated automatically"
    ],
    "content-hash": "c72c49d4f25bc2a67d93ef0c29b5b7fb",
    "packages": [
        {
            "name": "components/bootstrap",
            "version": "4.4.1",
            "source": {
                "type": "git",
                "url": "https://github.com/components/bootstrap.git",
                "reference": "983313252725392091d8d2952276cbdcd4060014"
            },
            "dist": {
                "type": "zip",
                "url": "https://api.github.com/repos/components/bootstrap/zipball/983313252725392091d8d2952276cbdcd4060014",
                "reference": "983313252725392091d8d2952276cbdcd4060014",
                "shasum": ""
            },
            "require": {
                "components/jquery": ">=2"
            },
            "type": "component",
            "extra": {
                "component": {
                    "scripts": [
                        "js/bootstrap.js"
                    ],
                    "files": [
                        "js/*.js",
                        "js/*.map",
                        "css/*.css",
                        "css/*.map"
                    ],
                    "shim": {
                        "deps": [
                            "jquery"
                        ]
                    }
                }
            },
            "notification-url": "https://packagist.org/downloads/",
            "license": [
                "MIT"
            ],
            "authors": [
                {
                    "name": "Mark Otto",
                    "email": "markdotto@gmail.com"
                },
                {
                    "name": "Jacob Thornton",
                    "email": "jacobthornton@gmail.com"
                }
            ],
            "description": "The most popular front-end framework for developing responsive, mobile first projects on the web.",
            "homepage": "https://getbootstrap.com",
            "keywords": [
                "css",
                "framework",
                "front-end",
                "mobile-first",
                "responsive",
                "sass",
                "web"
            ],
            "time": "2020-01-08T10:19:13+00:00"
        },
        {
            "name": "components/font-awesome",
            "version": "5.12.1",
            "source": {
                "type": "git",
                "url": "https://github.com/components/font-awesome.git",
                "reference": "f033e952d0e20684443c0466045deae61fd4e733"
            },
            "dist": {
                "type": "zip",
                "url": "https://api.github.com/repos/components/font-awesome/zipball/f033e952d0e20684443c0466045deae61fd4e733",
                "reference": "f033e952d0e20684443c0466045deae61fd4e733",
                "shasum": ""
            },
            "type": "component",
            "extra": {
                "component": {
                    "styles": [
                        "css/all.css"
                    ],
                    "files": [
                        "css/all.min.css",
                        "webfonts/*"
                    ]
                }
            },
            "notification-url": "https://packagist.org/downloads/",
            "license": [
                "CC-BY-4.0",
                "MIT",
                "OFL-1.1"
            ],
            "description": "Font Awesome, the iconic SVG, font, and CSS framework.",
            "time": "2020-02-05T15:33:46+00:00"
        },
        {
            "name": "components/jquery",
            "version": "3.4.1",
            "source": {
                "type": "git",
                "url": "https://github.com/components/jquery.git",
                "reference": "901828b7968b18319e377dc23d466f28426ee083"
            },
            "dist": {
                "type": "zip",
                "url": "https://api.github.com/repos/components/jquery/zipball/901828b7968b18319e377dc23d466f28426ee083",
                "reference": "901828b7968b18319e377dc23d466f28426ee083",
                "shasum": ""
            },
            "type": "component",
            "extra": {
                "component": {
                    "scripts": [
                        "jquery.js"
                    ],
                    "files": [
                        "jquery.min.js",
                        "jquery.min.map",
                        "jquery.slim.js",
                        "jquery.slim.min.js",
                        "jquery.slim.min.map"
                    ]
                }
            },
            "notification-url": "https://packagist.org/downloads/",
            "license": [
                "MIT"
            ],
            "authors": [
                {
                    "name": "JS Foundation and other contributors"
                }
            ],
            "description": "jQuery JavaScript Library",
            "homepage": "http://jquery.com",
            "time": "2019-10-23T05:15:13+00:00"
        },
        {
            "name": "components/jquery-touchswipe",
            "version": "1.6.19",
            "source": {
                "type": "git",
                "url": "https://github.com/mattbryson/TouchSwipe-Jquery-Plugin.git",
                "reference": "master"
            },
            "type": "drupal-theme"
        }
    ],
    "packages-dev": [],
    "aliases": [],
    "minimum-stability": "stable",
    "stability-flags": [],
    "prefer-stable": false,
    "prefer-lowest": false,
    "platform": [],
    "platform-dev": []
}
